{
  "name": "rescript-bun",
  "version": "2.0.0-alpha.2",
  "lockfileVersion": 3,
  "requires": true,
  "packages": {
    "": {
      "name": "rescript-bun",
      "version": "2.0.0-alpha.2",
      "license": "MIT",
      "devDependencies": {
        "rescript": "12.0.0-beta.3"
      },
      "peerDependencies": {
        "rescript": "12.0.0-beta.3"
      }
    },
    "node_modules/@rescript/darwin-arm64": {
      "version": "12.0.0-beta.3",
      "resolved": "https://registry.npmjs.org/@rescript/darwin-arm64/-/darwin-arm64-12.0.0-beta.3.tgz",
      "integrity": "sha512-95xSfvWta6YTTryR0CdfuaGl/s2rGDgFgxunL0H45FL+4/QpIoIgt7j9Q5mdYyhfSx7aL+84ZjJQVBXgtdwTTw==",
      "cpu": [
        "arm64"
      ],
      "dev": true,
      "optional": true,
      "os": [
        "darwin"
      ],
      "engines": {
        "node": ">=20.11.0"
      }
    },
    "node_modules/@rescript/darwin-x64": {
      "version": "12.0.0-beta.3",
      "resolved": "https://registry.npmjs.org/@rescript/darwin-x64/-/darwin-x64-12.0.0-beta.3.tgz",
      "integrity": "sha512-HNerzWe8hjP6WG/7Ea/wy9bjYRrZwtB9ks0ZHBZqqYoVKtyc/W2AjesKoLwRrTjI+o0IzPDb9tTGysBSnQIehg==",
      "cpu": [
        "x64"
      ],
      "dev": true,
      "optional": true,
      "os": [
        "darwin"
      ],
      "engines": {
        "node": ">=20.11.0"
      }
    },
    "node_modules/@rescript/linux-arm64": {
      "version": "12.0.0-beta.3",
      "resolved": "https://registry.npmjs.org/@rescript/linux-arm64/-/linux-arm64-12.0.0-beta.3.tgz",
      "integrity": "sha512-rnd97jkGLZupnoQJGUS2Lbriy8ntLiEHbM3b7BJFPq1bt1V20p/kbGzjiHnpxs7e0SrY9CKMNc21U1VdVo34xA==",
      "cpu": [
        "arm64"
      ],
      "dev": true,
      "optional": true,
      "os": [
        "linux"
      ],
      "engines": {
        "node": ">=20.11.0"
      }
    },
    "node_modules/@rescript/linux-x64": {
      "version": "12.0.0-beta.3",
      "resolved": "https://registry.npmjs.org/@rescript/linux-x64/-/linux-x64-12.0.0-beta.3.tgz",
      "integrity": "sha512-FC1iP+50BD4b9ttXZKes4rr7YHq+yM/ogwBZDu385SZ6IkfoHL4Hi6tSdQhrbMiPbY7t86DsruuQI+/34C5Fzg==",
      "cpu": [
        "x64"
      ],
      "dev": true,
      "optional": true,
      "os": [
        "linux"
      ],
      "engines": {
        "node": ">=20.11.0"
      }
    },
    "node_modules/@rescript/win32-x64": {
      "version": "12.0.0-beta.3",
      "resolved": "https://registry.npmjs.org/@rescript/win32-x64/-/win32-x64-12.0.0-beta.3.tgz",
      "integrity": "sha512-XdiKJG/3BP0KJNo/rvDKJ54vrBV4mKbyl5iFcTTynKrT2hVNBRj7l3uQCa4e0U123jEwosrE8IETPG0CITbx1w==",
      "cpu": [
        "x64"
      ],
      "dev": true,
      "optional": true,
      "os": [
        "win32"
      ],
      "engines": {
        "node": ">=20.11.0"
      }
    },
    "node_modules/rescript": {
      "version": "12.0.0-beta.3",
      "resolved": "https://registry.npmjs.org/rescript/-/rescript-12.0.0-beta.3.tgz",
      "integrity": "sha512-G3pjZ7OTIWhVBNc2JWq5SeC8+QCjI73vMKSbsfZrmmw/BredxjUDAoddzSnem9IS5ah62td2fB3TMIui7Q0wRQ==",
      "dev": true,
      "license": "SEE LICENSE IN LICENSE",
      "workspaces": [
        "packages/*",
        "packages/@rescript/*",
        "tests/dependencies/**",
        "tests/analysis_tests/**",
        "tests/docstring_tests",
        "tests/gentype_tests/**",
        "tests/tools_tests",
        "scripts/res"
      ],
      "bin": {
        "bsc": "cli/bsc.js",
        "bstracing": "cli/bstracing.js",
        "rescript": "cli/rescript.js",
        "rescript-legacy": "cli/rescript-legacy.js",
        "rescript-tools": "cli/rescript-tools.js"
      },
      "engines": {
        "node": ">=20.11.0"
      },
      "optionalDependencies": {
        "@rescript/darwin-arm64": "12.0.0-beta.3",
        "@rescript/darwin-x64": "12.0.0-beta.3",
        "@rescript/linux-arm64": "12.0.0-beta.3",
        "@rescript/linux-x64": "12.0.0-beta.3",
        "@rescript/win32-x64": "12.0.0-beta.3"
      }
    }
  }
}
