{
  "name": "rescript-bun",
  "version": "1.0.0",
  "lockfileVersion": 2,
  "requires": true,
  "packages": {
    "": {
      "name": "rescript-bun",
      "version": "1.0.0",
      "license": "ISC",
      "dependencies": {
        "@rescript/core": "^0.5.0",
        "rescript": "^11.0.0-rc.5"
      }
    },
    "node_modules/@rescript/core": {
      "version": "0.5.0",
      "resolved": "https://registry.npmjs.org/@rescript/core/-/core-0.5.0.tgz",
      "integrity": "sha512-Keqnpi+8VqyhCk/3aMwar8hJbNy2IsINAAfIFeQC65IIegCR0QXFDBpQxfVcmbbtoHq6HnW4B3RLm/9GCUJQhQ==",
      "peerDependencies": {
        "rescript": "^10.1.0 || ^11.0.0-alpha.0 || next"
      }
    },
    "node_modules/rescript": {
      "version": "11.0.0-rc.5",
      "resolved": "https://registry.npmjs.org/rescript/-/rescript-11.0.0-rc.5.tgz",
      "integrity": "sha512-7tiOmhOJ0myaIM9/AEYxiKXha2mn+9AGdkiy5PNOaBjuGxF2Le7qnr/cyOiTTpPq4fYXxZhwpaBF1AKNl5LUPg==",
      "hasInstallScript": true,
      "bin": {
        "bsc": "bsc",
        "bstracing": "lib/bstracing",
        "rescript": "rescript"
      },
      "engines": {
        "node": ">=10"
      }
    }
  },
  "dependencies": {
    "@rescript/core": {
      "version": "0.5.0",
      "resolved": "https://registry.npmjs.org/@rescript/core/-/core-0.5.0.tgz",
      "integrity": "sha512-Keqnpi+8VqyhCk/3aMwar8hJbNy2IsINAAfIFeQC65IIegCR0QXFDBpQxfVcmbbtoHq6HnW4B3RLm/9GCUJQhQ==",
      "requires": {}
    },
    "rescript": {
      "version": "11.0.0-rc.5",
      "resolved": "https://registry.npmjs.org/rescript/-/rescript-11.0.0-rc.5.tgz",
      "integrity": "sha512-7tiOmhOJ0myaIM9/AEYxiKXha2mn+9AGdkiy5PNOaBjuGxF2Le7qnr/cyOiTTpPq4fYXxZhwpaBF1AKNl5LUPg=="
    }
  }
}
