{
  "name": "rescript-bun-playground",
  "version": "0.1.0",
  "lockfileVersion": 3,
  "requires": true,
  "packages": {
    "": {
      "name": "rescript-bun-playground",
      "version": "0.1.0",
      "license": "ISC",
      "dependencies": {
        "rescript": "^12.0.0-beta.11",
        "rescript-bun": "../"
      }
    },
    "..": {
      "version": "2.0.0",
      "license": "MIT",
      "devDependencies": {
        "@changesets/cli": "^2.29.5",
        "rescript": "12.0.0-alpha.4"
      },
      "peerDependencies": {
        "rescript": "12.0.0-alpha.4"
      }
    },
    "../node_modules/rescript": {
      "version": "11.1.0-rc.2",
      "dev": true,
      "hasInstallScript": true,
      "license": "SEE LICENSE IN LICENSE",
      "bin": {
        "bsc": "bsc",
        "bstracing": "lib/bstracing",
        "rescript": "rescript"
      },
      "engines": {
        "node": ">=10"
      }
    },
    "node_modules/@rescript/darwin-arm64": {
      "version": "12.0.0-beta.12",
      "resolved": "https://registry.npmjs.org/@rescript/darwin-arm64/-/darwin-arm64-12.0.0-beta.12.tgz",
      "integrity": "sha512-6tz3ek5gGWz1f8MzZ6+LAouXqCCWfkQ5a26op1pZe+2vVb6HEbCONYNwelJBNWUXI+LQE+2QKZiE/Jw3dO/XfQ==",
      "cpu": [
        "arm64"
      ],
      "optional": true,
      "os": [
        "darwin"
      ],
      "engines": {
        "node": ">=20.11.0"
      }
    },
    "node_modules/@rescript/darwin-x64": {
      "version": "12.0.0-beta.12",
      "resolved": "https://registry.npmjs.org/@rescript/darwin-x64/-/darwin-x64-12.0.0-beta.12.tgz",
      "integrity": "sha512-P3Hm5tIhVfl1QFMbF8og/tH7Xsa08qNTQROw75nASpByiReUMWjlY1tz1uH+YAEnfAWVzJ/mWFnyluUVz3WIKg==",
      "cpu": [
        "x64"
      ],
      "optional": true,
      "os": [
        "darwin"
      ],
      "engines": {
        "node": ">=20.11.0"
      }
    },
    "node_modules/@rescript/linux-arm64": {
      "version": "12.0.0-beta.12",
      "resolved": "https://registry.npmjs.org/@rescript/linux-arm64/-/linux-arm64-12.0.0-beta.12.tgz",
      "integrity": "sha512-gPrwO5+zWP5YrISXU+e4s8HJx2fNrAjTDCpLGRRn6p5ERP3f/xX0hCI7ZarsCY40n6z0QpASJuhJeCKEo2m7LA==",
      "cpu": [
        "arm64"
      ],
      "optional": true,
      "os": [
        "linux"
      ],
      "engines": {
        "node": ">=20.11.0"
      }
    },
    "node_modules/@rescript/linux-x64": {
      "version": "12.0.0-beta.12",
      "resolved": "https://registry.npmjs.org/@rescript/linux-x64/-/linux-x64-12.0.0-beta.12.tgz",
      "integrity": "sha512-fuiAvmX/61l5dOnVxFFmwoeR+UHo3wh1qhJPltP82MVAX2QqdFkFDBQyaOsaKjKQmJMeQ7AzoxDMauO3oBvUwQ==",
      "cpu": [
        "x64"
      ],
      "optional": true,
      "os": [
        "linux"
      ],
      "engines": {
        "node": ">=20.11.0"
      }
    },
    "node_modules/@rescript/runtime": {
      "version": "12.0.0-beta.12",
      "resolved": "https://registry.npmjs.org/@rescript/runtime/-/runtime-12.0.0-beta.12.tgz",
      "integrity": "sha512-57c9/m7IjDed30Tkj+UfCpB7wWozF8iPOKO1NJKcH6eAvAhKdVVRpgOw6GKguzcA7TA6Wi8o4DwHg9HB7fZUFQ=="
    },
    "node_modules/@rescript/win32-x64": {
      "version": "12.0.0-beta.12",
      "resolved": "https://registry.npmjs.org/@rescript/win32-x64/-/win32-x64-12.0.0-beta.12.tgz",
      "integrity": "sha512-V0fnPeqAHyg1W4TAbXeApraM4fYbbr2eavn2DxVN3JNRS+bzHiX2yJDfDlOfMRrh2VwFQEo9vPyranawQp99SQ==",
      "cpu": [
        "x64"
      ],
      "optional": true,
      "os": [
        "win32"
      ],
      "engines": {
        "node": ">=20.11.0"
      }
    },
    "node_modules/rescript": {
      "version": "12.0.0-beta.12",
      "resolved": "https://registry.npmjs.org/rescript/-/rescript-12.0.0-beta.12.tgz",
      "integrity": "sha512-sP7+lijrcuLAS3rkRRCLZzvPcTHrCo4hl1spDSjI7jOysRO0XQ8ptOwMEvEsewINSdZ1jAerqv4jVChLFJ8M7w==",
      "license": "SEE LICENSE IN LICENSE",
      "workspaces": [
        "packages/playground",
        "packages/@rescript/*",
        "tests/dependencies/**",
        "tests/analysis_tests/**",
        "tests/docstring_tests",
        "tests/gentype_tests/**",
        "tests/tools_tests",
        "scripts/res"
      ],
      "dependencies": {
        "@rescript/runtime": "12.0.0-beta.12"
      },
      "bin": {
        "bsc": "cli/bsc.js",
        "bstracing": "cli/bstracing.js",
        "rescript": "cli/rescript.js",
        "rescript-legacy": "cli/rescript-legacy.js",
        "rescript-tools": "cli/rescript-tools.js"
      },
      "engines": {
        "node": ">=20.11.0"
      },
      "optionalDependencies": {
        "@rescript/darwin-arm64": "12.0.0-beta.12",
        "@rescript/darwin-x64": "12.0.0-beta.12",
        "@rescript/linux-arm64": "12.0.0-beta.12",
        "@rescript/linux-x64": "12.0.0-beta.12",
        "@rescript/win32-x64": "12.0.0-beta.12"
      }
    },
    "node_modules/rescript-bun": {
      "resolved": "..",
      "link": true
    }
  }
}
