{
  "name": "rescript-bun-playground",
  "version": "0.1.0",
  "lockfileVersion": 2,
  "requires": true,
  "packages": {
    "": {
      "name": "rescript-bun-playground",
      "version": "0.1.0",
      "license": "ISC",
      "dependencies": {
        "@rescript/core": "^0.6.0",
        "rescript": "^11.0.0-rc.8",
        "rescript-bun": "../"
      }
    },
    "..": {
      "version": "0.2.0",
      "license": "MIT",
      "devDependencies": {
        "@rescript/core": "^0.6.0",
        "rescript": "^11.0.0-rc.8"
      },
      "peerDependencies": {
        "@rescript/core": ">=0.5.0",
        "rescript": ">=11.0.0-rc.5"
      }
    },
    "node_modules/@rescript/core": {
      "version": "0.6.0",
      "resolved": "https://registry.npmjs.org/@rescript/core/-/core-0.6.0.tgz",
      "integrity": "sha512-D4ykxSpbmxbQa99kCg6/DztwCNt1tV3t11BLSOvJPHNLSIuQxfAU3ddgRruaH9LQSKOrMUjxQS9z6RdG5iFPoA==",
      "peerDependencies": {
        "rescript": "^10.1.0 || ^11.0.0-alpha.0 || next"
      }
    },
    "node_modules/rescript": {
      "version": "11.0.0-rc.8",
      "resolved": "https://registry.npmjs.org/rescript/-/rescript-11.0.0-rc.8.tgz",
      "integrity": "sha512-KFeCeJ2tYtmSLD24o0WtWr7YLO22DflCWL31/L9Q8HGdHTLEhDNa+R0tnoyZ8B6wwm6bpNG8xosu1H4O+o7LGA==",
      "hasInstallScript": true,
      "bin": {
        "bsc": "bsc",
        "bstracing": "lib/bstracing",
        "rescript": "rescript"
      },
      "engines": {
        "node": ">=10"
      }
    },
    "node_modules/rescript-bun": {
      "resolved": "..",
      "link": true
    }
  },
  "dependencies": {
    "@rescript/core": {
      "version": "0.6.0",
      "resolved": "https://registry.npmjs.org/@rescript/core/-/core-0.6.0.tgz",
      "integrity": "sha512-D4ykxSpbmxbQa99kCg6/DztwCNt1tV3t11BLSOvJPHNLSIuQxfAU3ddgRruaH9LQSKOrMUjxQS9z6RdG5iFPoA==",
      "requires": {}
    },
    "rescript": {
      "version": "11.0.0-rc.8",
      "resolved": "https://registry.npmjs.org/rescript/-/rescript-11.0.0-rc.8.tgz",
      "integrity": "sha512-KFeCeJ2tYtmSLD24o0WtWr7YLO22DflCWL31/L9Q8HGdHTLEhDNa+R0tnoyZ8B6wwm6bpNG8xosu1H4O+o7LGA=="
    },
    "rescript-bun": {
      "version": "file:..",
      "requires": {
        "@rescript/core": "^0.6.0",
        "rescript": "^11.0.0-rc.8"
      }
    }
  }
}
