{
  "name": "rescript-bun-playground",
  "version": "0.1.0",
  "lockfileVersion": 3,
  "requires": true,
  "packages": {
    "": {
      "name": "rescript-bun-playground",
      "version": "0.1.0",
      "license": "ISC",
      "dependencies": {
        "@rescript/core": "1.0.0",
        "rescript": "11.1.0-rc.2",
        "rescript-bun": "../"
      }
    },
    "..": {
      "version": "0.3.1",
      "license": "MIT",
      "devDependencies": {
        "@rescript/core": "1.0.0",
        "rescript": "11.1.0-rc.2"
      },
      "peerDependencies": {
        "@rescript/core": ">=1.0.0",
        "rescript": ">=11.0.0 || ^11.1.0-rc.2"
      }
    },
    "../node_modules/@rescript/core": {
      "version": "1.0.0",
      "dev": true,
      "license": "MIT",
      "peerDependencies": {
        "rescript": ">=11.0.0 || ^11.1.0-rc.2"
      }
    },
    "../node_modules/rescript": {
      "version": "11.1.0-rc.2",
      "dev": true,
      "hasInstallScript": true,
      "license": "SEE LICENSE IN LICENSE",
      "bin": {
        "bsc": "bsc",
        "bstracing": "lib/bstracing",
        "rescript": "rescript"
      },
      "engines": {
        "node": ">=10"
      }
    },
    "node_modules/@rescript/core": {
      "version": "1.0.0",
      "license": "MIT",
      "peerDependencies": {
        "rescript": ">=11.0.0 || ^11.1.0-rc.2"
      }
    },
    "node_modules/rescript": {
      "version": "11.1.0-rc.2",
      "hasInstallScript": true,
      "license": "SEE LICENSE IN LICENSE",
      "bin": {
        "bsc": "bsc",
        "bstracing": "lib/bstracing",
        "rescript": "rescript"
      },
      "engines": {
        "node": ">=10"
      }
    },
    "node_modules/rescript-bun": {
      "resolved": "..",
      "link": true
    }
  }
}
